
Microsoft Visual Studio Solution File, Format Version 12.00
# Visual Studio Version 17
VisualStudioVersion = 17.7.34009.444
MinimumVisualStudioVersion = 10.0.40219.1
Project("{FAE04EC0-301F-11D3-BF4B-00C04F79EFBC}") = "Lab2-Personal_Data", "Lab2-Personal_Data\Lab2-Personal_Data.csproj", "{E7D124AB-BEAE-4F13-87B3-EF1691CEB314}"
EndProject
Global
	GlobalSection(SolutionConfigurationPlatforms) = preSolution
		Debug|Any CPU = Debug|Any CPU
		Release|Any CPU = Release|Any CPU
	EndGlobalSection
	GlobalSection(ProjectConfigurationPlatforms) = postSolution
		{E7D124AB-BEAE-4F13-87B3-EF1691CEB314}.Debug|Any CPU.ActiveCfg = Debug|Any CPU
		{E7D124AB-BEAE-4F13-87B3-EF1691CEB314}.Debug|Any CPU.Build.0 = Debug|Any CPU
		{E7D124AB-BEAE-4F13-87B3-EF1691CEB314}.Release|Any CPU.ActiveCfg = Release|Any CPU
		{E7D124AB-BEAE-4F13-87B3-EF1691CEB314}.Release|Any CPU.Build.0 = Release|Any CPU
	EndGlobalSection
	GlobalSection(SolutionProperties) = preSolution
		HideSolutionNode = FALSE
	EndGlobalSection
	GlobalSection(ExtensibilityGlobals) = postSolution
		SolutionGuid = {50B2A645-9A80-44ED-98FD-9C54B7D4666E}
	EndGlobalSection
EndGlobal
