
Microsoft Visual Studio Solution File, Format Version 12.00
# Visual Studio Version 17
VisualStudioVersion = 17.7.34009.444
MinimumVisualStudioVersion = 10.0.40219.1
Project("{FAE04EC0-301F-11D3-BF4B-00C04F79EFBC}") = "Lab1-Input-Output", "Lab1-Input-Output\Lab1-Input-Output.csproj", "{733ACCCC-CA8D-4267-B3D4-1D4122F63DFD}"
EndProject
Global
	GlobalSection(SolutionConfigurationPlatforms) = preSolution
		Debug|Any CPU = Debug|Any CPU
		Release|Any CPU = Release|Any CPU
	EndGlobalSection
	GlobalSection(ProjectConfigurationPlatforms) = postSolution
		{733ACCCC-CA8D-4267-B3D4-1D4122F63DFD}.Debug|Any CPU.ActiveCfg = Debug|Any CPU
		{733ACCCC-CA8D-4267-B3D4-1D4122F63DFD}.Debug|Any CPU.Build.0 = Debug|Any CPU
		{733ACCCC-CA8D-4267-B3D4-1D4122F63DFD}.Release|Any CPU.ActiveCfg = Release|Any CPU
		{733ACCCC-CA8D-4267-B3D4-1D4122F63DFD}.Release|Any CPU.Build.0 = Release|Any CPU
	EndGlobalSection
	GlobalSection(SolutionProperties) = preSolution
		HideSolutionNode = FALSE
	EndGlobalSection
	GlobalSection(ExtensibilityGlobals) = postSolution
		SolutionGuid = {BF77347B-25E3-431F-8223-856FBB81FEBD}
	EndGlobalSection
EndGlobal
